<?xml version="1.0" encoding="utf-8"?>
<Project ToolsVersion="4.0" xmlns="http://schemas.microsoft.com/developer/msbuild/2003">
  <ItemGroup>
    <Filter Include="소스 파일">
      <UniqueIdentifier>{801e6611-6ea7-4227-8392-0ad01de518cf}</UniqueIdentifier>
    </Filter>
    <Filter Include="생성 파일">
      <UniqueIdentifier>{328a507e-5ef3-4343-bf43-c49991d391a9}</UniqueIdentifier>
      <SourceControlFiles>False</SourceControlFiles>
    </Filter>
  </ItemGroup>
  <ItemGroup>
    <ClCompile Include="dlldata.c">
      <Filter>생성 파일</Filter>
    </ClCompile>
    <ClCompile Include="NetAsioCom_i.c">
      <Filter>생성 파일</Filter>
    </ClCompile>
    <ClCompile Include="NetAsioCom_p.c">
      <Filter>생성 파일</Filter>
    </ClCompile>
  </ItemGroup>
  <ItemGroup>
    <None Include="NetAsioComps.def" />
  </ItemGroup>
</Project>