
Microsoft Visual Studio Solution File, Format Version 12.00
# Visual Studio Version 16
VisualStudioVersion = 16.0.31424.327
MinimumVisualStudioVersion = 10.0.40219.1
Project("{8BC9CEB8-8B4A-11D0-8D11-00A0C91BC942}") = "NetAsioCom", "NetAsioCom.vcxproj", "{151B4134-BA64-431D-A9A5-4B29431A0593}"
EndProject
Project("{8BC9CEB8-8B4A-11D0-8D11-00A0C91BC942}") = "NetAsioComPS", "NetAsioComPS.vcxproj", "{50D87BF1-D298-476F-8779-B0BF5DE0F9E4}"
EndProject
Global
	GlobalSection(SolutionConfigurationPlatforms) = preSolution
		Debug|Win32 = Debug|Win32
		Debug|x64 = Debug|x64
		Release|Win32 = Release|Win32
		Release|x64 = Release|x64
	EndGlobalSection
	GlobalSection(ProjectConfigurationPlatforms) = postSolution
		{151B4134-BA64-431D-A9A5-4B29431A0593}.Debug|Win32.ActiveCfg = Debug|Win32
		{151B4134-BA64-431D-A9A5-4B29431A0593}.Debug|Win32.Build.0 = Debug|Win32
		{151B4134-BA64-431D-A9A5-4B29431A0593}.Debug|x64.ActiveCfg = Debug|x64
		{151B4134-BA64-431D-A9A5-4B29431A0593}.Debug|x64.Build.0 = Debug|x64
		{151B4134-BA64-431D-A9A5-4B29431A0593}.Release|Win32.ActiveCfg = Release|Win32
		{151B4134-BA64-431D-A9A5-4B29431A0593}.Release|Win32.Build.0 = Release|Win32
		{151B4134-BA64-431D-A9A5-4B29431A0593}.Release|x64.ActiveCfg = Release|x64
		{151B4134-BA64-431D-A9A5-4B29431A0593}.Release|x64.Build.0 = Release|x64
		{50D87BF1-D298-476F-8779-B0BF5DE0F9E4}.Debug|Win32.ActiveCfg = Debug|Win32
		{50D87BF1-D298-476F-8779-B0BF5DE0F9E4}.Debug|x64.ActiveCfg = Debug|x64
		{50D87BF1-D298-476F-8779-B0BF5DE0F9E4}.Release|Win32.ActiveCfg = Release|Win32
		{50D87BF1-D298-476F-8779-B0BF5DE0F9E4}.Release|x64.ActiveCfg = Release|x64
	EndGlobalSection
	GlobalSection(SolutionProperties) = preSolution
		HideSolutionNode = FALSE
	EndGlobalSection
	GlobalSection(ExtensibilityGlobals) = postSolution
		SolutionGuid = {D1590896-EB7E-4623-8CF2-2AE3403A4D4E}
	EndGlobalSection
EndGlobal
